
Microsoft Visual Studio Solution File, Format Version 12.00
# Visual Studio Version 16
VisualStudioVersion = 16.0.30225.117
MinimumVisualStudioVersion = 10.0.40219.1
Project("{9A19103F-16F7-4668-BE54-9A1E7A4F7556}") = "DfwRest", "DfwRest\DfwRest.csproj", "{3C1DD7AF-68C4-41FE-A467-BDC5827622E1}"
EndProject
Project("{FAE04EC0-301F-11D3-BF4B-00C04F79EFBC}") = "DfwRest.Domain", "DfwRest.Domain\DfwRest.Domain.csproj", "{B196D237-33FB-42DD-82FF-6AC6568230CA}"
EndProject
Project("{FAE04EC0-301F-11D3-BF4B-00C04F79EFBC}") = "DfwRest.Repo", "DfwRest.Repo\DfwRest.Repo.csproj", "{38CC4AB7-6567-4429-B339-4DBCC3D1E7B0}"
EndProject
Global
	GlobalSection(SolutionConfigurationPlatforms) = preSolution
		Debug|Any CPU = Debug|Any CPU
		Release|Any CPU = Release|Any CPU
	EndGlobalSection
	GlobalSection(ProjectConfigurationPlatforms) = postSolution
		{3C1DD7AF-68C4-41FE-A467-BDC5827622E1}.Debug|Any CPU.ActiveCfg = Debug|Any CPU
		{3C1DD7AF-68C4-41FE-A467-BDC5827622E1}.Debug|Any CPU.Build.0 = Debug|Any CPU
		{3C1DD7AF-68C4-41FE-A467-BDC5827622E1}.Release|Any CPU.ActiveCfg = Release|Any CPU
		{3C1DD7AF-68C4-41FE-A467-BDC5827622E1}.Release|Any CPU.Build.0 = Release|Any CPU
		{B196D237-33FB-42DD-82FF-6AC6568230CA}.Debug|Any CPU.ActiveCfg = Debug|Any CPU
		{B196D237-33FB-42DD-82FF-6AC6568230CA}.Debug|Any CPU.Build.0 = Debug|Any CPU
		{B196D237-33FB-42DD-82FF-6AC6568230CA}.Release|Any CPU.ActiveCfg = Release|Any CPU
		{B196D237-33FB-42DD-82FF-6AC6568230CA}.Release|Any CPU.Build.0 = Release|Any CPU
		{38CC4AB7-6567-4429-B339-4DBCC3D1E7B0}.Debug|Any CPU.ActiveCfg = Debug|Any CPU
		{38CC4AB7-6567-4429-B339-4DBCC3D1E7B0}.Debug|Any CPU.Build.0 = Debug|Any CPU
		{38CC4AB7-6567-4429-B339-4DBCC3D1E7B0}.Release|Any CPU.ActiveCfg = Release|Any CPU
		{38CC4AB7-6567-4429-B339-4DBCC3D1E7B0}.Release|Any CPU.Build.0 = Release|Any CPU
	EndGlobalSection
	GlobalSection(SolutionProperties) = preSolution
		HideSolutionNode = FALSE
	EndGlobalSection
	GlobalSection(ExtensibilityGlobals) = postSolution
		SolutionGuid = {759D2A05-C078-4A40-90E6-DCE2CE8A858B}
	EndGlobalSection
EndGlobal
